// !$*UTF8*$!
{
	archiveVersion = 1;
	classes = {
	};
	objectVersion = 56;
	objects = {

/* Begin PBXBuildFile section */
		8D0263082BAA1B36009D60EE /* SettingsViewController.swift in Sources */ = {isa = PBXBuildFile; fileRef = 8D0263062BAA1B36009D60EE /* SettingsViewController.swift */; };
		8D0263092BAA1B36009D60EE /* SettingsViewController.xib in Resources */ = {isa = PBXBuildFile; fileRef = 8D0263072BAA1B36009D60EE /* SettingsViewController.xib */; };
		8D54F36D2BA5DF8E00E491A4 /* HomeViewController.swift in Sources */ = {isa = PBXBuildFile; fileRef = 8D54F36B2BA5DF8D00E491A4 /* HomeViewController.swift */; };
		8D54F36E2BA5DF8E00E491A4 /* HomeViewController.xib in Resources */ = {isa = PBXBuildFile; fileRef = 8D54F36C2BA5DF8D00E491A4 /* HomeViewController.xib */; };
		8D54F3702BA5E15600E491A4 /* HomeViewModel.swift in Sources */ = {isa = PBXBuildFile; fileRef = 8D54F36F2BA5E15600E491A4 /* HomeViewModel.swift */; };
		8D54F3722BA63E3900E491A4 /* UITextField+Ext.swift in Sources */ = {isa = PBXBuildFile; fileRef = 8D54F3712BA63E3900E491A4 /* UITextField+Ext.swift */; };
		8D54F3762BA72EF300E491A4 /* ForgetPasswordViewController.swift in Sources */ = {isa = PBXBuildFile; fileRef = 8D54F3742BA72EF300E491A4 /* ForgetPasswordViewController.swift */; };
		8D54F3772BA72EF300E491A4 /* ForgetPasswordViewController.xib in Resources */ = {isa = PBXBuildFile; fileRef = 8D54F3752BA72EF300E491A4 /* ForgetPasswordViewController.xib */; };
		8DAEB7552BA5CAED00E945D2 /* AppDelegate.swift in Sources */ = {isa = PBXBuildFile; fileRef = 8DAEB7542BA5CAED00E945D2 /* AppDelegate.swift */; };
		8DAEB7572BA5CAED00E945D2 /* SceneDelegate.swift in Sources */ = {isa = PBXBuildFile; fileRef = 8DAEB7562BA5CAED00E945D2 /* SceneDelegate.swift */; };
		8DAEB75E2BA5CAEF00E945D2 /* Assets.xcassets in Resources */ = {isa = PBXBuildFile; fileRef = 8DAEB75D2BA5CAEF00E945D2 /* Assets.xcassets */; };
		8DAEB7612BA5CAEF00E945D2 /* Base in Resources */ = {isa = PBXBuildFile; fileRef = 8DAEB7602BA5CAEF00E945D2 /* Base */; };
		8DAEB76A2BA5CBC900E945D2 /* UIView+Ext.swift in Sources */ = {isa = PBXBuildFile; fileRef = 8DAEB7692BA5CBC900E945D2 /* UIView+Ext.swift */; };
		8DAEB7722BA5D01300E945D2 /* OnboardingViewController.swift in Sources */ = {isa = PBXBuildFile; fileRef = 8DAEB7712BA5D01300E945D2 /* OnboardingViewController.swift */; };
		8DAEB7742BA5D04400E945D2 /* OnboardingViewController.xib in Resources */ = {isa = PBXBuildFile; fileRef = 8DAEB7732BA5D04400E945D2 /* OnboardingViewController.xib */; };
		8DAEB7772BA5D06700E945D2 /* OnboardingSlide.swift in Sources */ = {isa = PBXBuildFile; fileRef = 8DAEB7752BA5D06700E945D2 /* OnboardingSlide.swift */; };
		8DAEB77B2BA5D07E00E945D2 /* OnboardingCollectionViewCell.swift in Sources */ = {isa = PBXBuildFile; fileRef = 8DAEB7782BA5D07E00E945D2 /* OnboardingCollectionViewCell.swift */; };
		8DAEB77C2BA5D07E00E945D2 /* OnboardingCollectionViewCell.xib in Resources */ = {isa = PBXBuildFile; fileRef = 8DAEB7792BA5D07E00E945D2 /* OnboardingCollectionViewCell.xib */; };
		8DAEB7812BA5D09B00E945D2 /* LoginViewController.swift in Sources */ = {isa = PBXBuildFile; fileRef = 8DAEB77E2BA5D09B00E945D2 /* LoginViewController.swift */; };
		8DAEB7822BA5D09B00E945D2 /* LoginViewController.xib in Resources */ = {isa = PBXBuildFile; fileRef = 8DAEB77F2BA5D09B00E945D2 /* LoginViewController.xib */; };
		8DAEB7862BA5D09F00E945D2 /* RegisterViewController.swift in Sources */ = {isa = PBXBuildFile; fileRef = 8DAEB7832BA5D09F00E945D2 /* RegisterViewController.swift */; };
		8DAEB7872BA5D09F00E945D2 /* RegisterViewController.xib in Resources */ = {isa = PBXBuildFile; fileRef = 8DAEB7842BA5D09F00E945D2 /* RegisterViewController.xib */; };
		8DAEB78B2BA5D0A600E945D2 /* BaseViewController.swift in Sources */ = {isa = PBXBuildFile; fileRef = 8DAEB7882BA5D0A600E945D2 /* BaseViewController.swift */; };
		8DAEB78C2BA5D0A600E945D2 /* BaseViewModel.swift in Sources */ = {isa = PBXBuildFile; fileRef = 8DAEB7892BA5D0A600E945D2 /* BaseViewModel.swift */; };
		8DAEB78E2BA5D0B400E945D2 /* UICollectionViewCell+Ext.swift in Sources */ = {isa = PBXBuildFile; fileRef = 8DAEB78D2BA5D0B400E945D2 /* UICollectionViewCell+Ext.swift */; };
		8DAEB7902BA5D0BB00E945D2 /* UIScreen+Ext.swift in Sources */ = {isa = PBXBuildFile; fileRef = 8DAEB78F2BA5D0BB00E945D2 /* UIScreen+Ext.swift */; };
		8DAEB7922BA5D0C100E945D2 /* UIColor+Ext.swift in Sources */ = {isa = PBXBuildFile; fileRef = 8DAEB7912BA5D0C100E945D2 /* UIColor+Ext.swift */; };
		8DAEB7942BA5D0C700E945D2 /* UIViewController+Ext.swift in Sources */ = {isa = PBXBuildFile; fileRef = 8DAEB7932BA5D0C700E945D2 /* UIViewController+Ext.swift */; };
		8DAEB7962BA5D43E00E945D2 /* GoogleService-Info.plist in Resources */ = {isa = PBXBuildFile; fileRef = 8DAEB7952BA5D43E00E945D2 /* GoogleService-Info.plist */; };
		8DAEB79A2BA5D62100E945D2 /* FirebaseAuth in Frameworks */ = {isa = PBXBuildFile; productRef = 8DAEB7992BA5D62100E945D2 /* FirebaseAuth */; };
/* End PBXBuildFile section */

/* Begin PBXFileReference section */
		8D0263062BAA1B36009D60EE /* SettingsViewController.swift */ = {isa = PBXFileReference; lastKnownFileType = sourcecode.swift; path = SettingsViewController.swift; sourceTree = "<group>"; };
		8D0263072BAA1B36009D60EE /* SettingsViewController.xib */ = {isa = PBXFileReference; lastKnownFileType = file.xib; path = SettingsViewController.xib; sourceTree = "<group>"; };
		8D54F36B2BA5DF8D00E491A4 /* HomeViewController.swift */ = {isa = PBXFileReference; lastKnownFileType = sourcecode.swift; path = HomeViewController.swift; sourceTree = "<group>"; };
		8D54F36C2BA5DF8D00E491A4 /* HomeViewController.xib */ = {isa = PBXFileReference; lastKnownFileType = file.xib; path = HomeViewController.xib; sourceTree = "<group>"; };
		8D54F36F2BA5E15600E491A4 /* HomeViewModel.swift */ = {isa = PBXFileReference; lastKnownFileType = sourcecode.swift; path = HomeViewModel.swift; sourceTree = "<group>"; };
		8D54F3712BA63E3900E491A4 /* UITextField+Ext.swift */ = {isa = PBXFileReference; lastKnownFileType = sourcecode.swift; path = "UITextField+Ext.swift"; sourceTree = "<group>"; };
		8D54F3742BA72EF300E491A4 /* ForgetPasswordViewController.swift */ = {isa = PBXFileReference; lastKnownFileType = sourcecode.swift; path = ForgetPasswordViewController.swift; sourceTree = "<group>"; };
		8D54F3752BA72EF300E491A4 /* ForgetPasswordViewController.xib */ = {isa = PBXFileReference; lastKnownFileType = file.xib; path = ForgetPasswordViewController.xib; sourceTree = "<group>"; };
		8DAEB7512BA5CAED00E945D2 /* SwapHouse.app */ = {isa = PBXFileReference; explicitFileType = wrapper.application; includeInIndex = 0; path = SwapHouse.app; sourceTree = BUILT_PRODUCTS_DIR; };
		8DAEB7542BA5CAED00E945D2 /* AppDelegate.swift */ = {isa = PBXFileReference; lastKnownFileType = sourcecode.swift; path = AppDelegate.swift; sourceTree = "<group>"; };
		8DAEB7562BA5CAED00E945D2 /* SceneDelegate.swift */ = {isa = PBXFileReference; lastKnownFileType = sourcecode.swift; path = SceneDelegate.swift; sourceTree = "<group>"; };
		8DAEB75D2BA5CAEF00E945D2 /* Assets.xcassets */ = {isa = PBXFileReference; lastKnownFileType = folder.assetcatalog; path = Assets.xcassets; sourceTree = "<group>"; };
		8DAEB7602BA5CAEF00E945D2 /* Base */ = {isa = PBXFileReference; lastKnownFileType = file.storyboard; name = Base; path = Base.lproj/LaunchScreen.storyboard; sourceTree = "<group>"; };
		8DAEB7622BA5CAEF00E945D2 /* Info.plist */ = {isa = PBXFileReference; lastKnownFileType = text.plist.xml; path = Info.plist; sourceTree = "<group>"; };
		8DAEB7692BA5CBC900E945D2 /* UIView+Ext.swift */ = {isa = PBXFileReference; lastKnownFileType = sourcecode.swift; path = "UIView+Ext.swift"; sourceTree = "<group>"; };
		8DAEB7712BA5D01300E945D2 /* OnboardingViewController.swift */ = {isa = PBXFileReference; fileEncoding = 4; lastKnownFileType = sourcecode.swift; name = OnboardingViewController.swift; path = ../../../../HouseSwap/HouseSwap/Screens/Onboarding/OnboardingViewController.swift; sourceTree = "<group>"; };
		8DAEB7732BA5D04400E945D2 /* OnboardingViewController.xib */ = {isa = PBXFileReference; fileEncoding = 4; lastKnownFileType = file.xib; name = OnboardingViewController.xib; path = ../../../../HouseSwap/HouseSwap/Screens/Onboarding/OnboardingViewController.xib; sourceTree = "<group>"; };
		8DAEB7752BA5D06700E945D2 /* OnboardingSlide.swift */ = {isa = PBXFileReference; fileEncoding = 4; lastKnownFileType = sourcecode.swift; path = OnboardingSlide.swift; sourceTree = "<group>"; };
		8DAEB7782BA5D07E00E945D2 /* OnboardingCollectionViewCell.swift */ = {isa = PBXFileReference; fileEncoding = 4; lastKnownFileType = sourcecode.swift; path = OnboardingCollectionViewCell.swift; sourceTree = "<group>"; };
		8DAEB7792BA5D07E00E945D2 /* OnboardingCollectionViewCell.xib */ = {isa = PBXFileReference; fileEncoding = 4; lastKnownFileType = file.xib; path = OnboardingCollectionViewCell.xib; sourceTree = "<group>"; };
		8DAEB77E2BA5D09B00E945D2 /* LoginViewController.swift */ = {isa = PBXFileReference; fileEncoding = 4; lastKnownFileType = sourcecode.swift; path = LoginViewController.swift; sourceTree = "<group>"; };
		8DAEB77F2BA5D09B00E945D2 /* LoginViewController.xib */ = {isa = PBXFileReference; fileEncoding = 4; lastKnownFileType = file.xib; path = LoginViewController.xib; sourceTree = "<group>"; };
		8DAEB7832BA5D09F00E945D2 /* RegisterViewController.swift */ = {isa = PBXFileReference; fileEncoding = 4; lastKnownFileType = sourcecode.swift; path = RegisterViewController.swift; sourceTree = "<group>"; };
		8DAEB7842BA5D09F00E945D2 /* RegisterViewController.xib */ = {isa = PBXFileReference; fileEncoding = 4; lastKnownFileType = file.xib; path = RegisterViewController.xib; sourceTree = "<group>"; };
		8DAEB7882BA5D0A600E945D2 /* BaseViewController.swift */ = {isa = PBXFileReference; fileEncoding = 4; lastKnownFileType = sourcecode.swift; path = BaseViewController.swift; sourceTree = "<group>"; };
		8DAEB7892BA5D0A600E945D2 /* BaseViewModel.swift */ = {isa = PBXFileReference; fileEncoding = 4; lastKnownFileType = sourcecode.swift; path = BaseViewModel.swift; sourceTree = "<group>"; };
		8DAEB78D2BA5D0B400E945D2 /* UICollectionViewCell+Ext.swift */ = {isa = PBXFileReference; fileEncoding = 4; lastKnownFileType = sourcecode.swift; path = "UICollectionViewCell+Ext.swift"; sourceTree = "<group>"; };
		8DAEB78F2BA5D0BB00E945D2 /* UIScreen+Ext.swift */ = {isa = PBXFileReference; fileEncoding = 4; lastKnownFileType = sourcecode.swift; path = "UIScreen+Ext.swift"; sourceTree = "<group>"; };
		8DAEB7912BA5D0C100E945D2 /* UIColor+Ext.swift */ = {isa = PBXFileReference; fileEncoding = 4; lastKnownFileType = sourcecode.swift; path = "UIColor+Ext.swift"; sourceTree = "<group>"; };
		8DAEB7932BA5D0C700E945D2 /* UIViewController+Ext.swift */ = {isa = PBXFileReference; fileEncoding = 4; lastKnownFileType = sourcecode.swift; path = "UIViewController+Ext.swift"; sourceTree = "<group>"; };
		8DAEB7952BA5D43E00E945D2 /* GoogleService-Info.plist */ = {isa = PBXFileReference; fileEncoding = 4; lastKnownFileType = text.plist.xml; path = "GoogleService-Info.plist"; sourceTree = "<group>"; };
/* End PBXFileReference section */

/* Begin PBXFrameworksBuildPhase section */
		8DAEB74E2BA5CAED00E945D2 /* Frameworks */ = {
			isa = PBXFrameworksBuildPhase;
			buildActionMask = 2147483647;
			files = (
				8DAEB79A2BA5D62100E945D2 /* FirebaseAuth in Frameworks */,
			);
			runOnlyForDeploymentPostprocessing = 0;
		};
/* End PBXFrameworksBuildPhase section */

/* Begin PBXGroup section */
		8D0263052BAA1B19009D60EE /* Settings */ = {
			isa = PBXGroup;
			children = (
				8D0263062BAA1B36009D60EE /* SettingsViewController.swift */,
				8D0263072BAA1B36009D60EE /* SettingsViewController.xib */,
			);
			path = Settings;
			sourceTree = "<group>";
		};
		8D54F3732BA72ECC00E491A4 /* ForgetPassword */ = {
			isa = PBXGroup;
			children = (
				8D54F3742BA72EF300E491A4 /* ForgetPasswordViewController.swift */,
				8D54F3752BA72EF300E491A4 /* ForgetPasswordViewController.xib */,
			);
			path = ForgetPassword;
			sourceTree = "<group>";
		};
		8DAEB7482BA5CAED00E945D2 = {
			isa = PBXGroup;
			children = (
				8DAEB7532BA5CAED00E945D2 /* SwapHouse */,
				8DAEB7522BA5CAED00E945D2 /* Products */,
				8DAEB7982BA5D62100E945D2 /* Frameworks */,
			);
			sourceTree = "<group>";
		};
		8DAEB7522BA5CAED00E945D2 /* Products */ = {
			isa = PBXGroup;
			children = (
				8DAEB7512BA5CAED00E945D2 /* SwapHouse.app */,
			);
			name = Products;
			sourceTree = "<group>";
		};
		8DAEB7532BA5CAED00E945D2 /* SwapHouse */ = {
			isa = PBXGroup;
			children = (
				8DAEB7762BA5D06700E945D2 /* Models */,
				8DAEB76B2BA5CCFE00E945D2 /* Screens */,
				8DAEB7682BA5CB7800E945D2 /* Extensions */,
				8DAEB7542BA5CAED00E945D2 /* AppDelegate.swift */,
				8DAEB7562BA5CAED00E945D2 /* SceneDelegate.swift */,
				8DAEB75D2BA5CAEF00E945D2 /* Assets.xcassets */,
				8DAEB75F2BA5CAEF00E945D2 /* LaunchScreen.storyboard */,
				8DAEB7622BA5CAEF00E945D2 /* Info.plist */,
				8DAEB7952BA5D43E00E945D2 /* GoogleService-Info.plist */,
			);
			path = SwapHouse;
			sourceTree = "<group>";
		};
		8DAEB7682BA5CB7800E945D2 /* Extensions */ = {
			isa = PBXGroup;
			children = (
				8DAEB7932BA5D0C700E945D2 /* UIViewController+Ext.swift */,
				8DAEB7912BA5D0C100E945D2 /* UIColor+Ext.swift */,
				8DAEB78F2BA5D0BB00E945D2 /* UIScreen+Ext.swift */,
				8DAEB78D2BA5D0B400E945D2 /* UICollectionViewCell+Ext.swift */,
				8DAEB7692BA5CBC900E945D2 /* UIView+Ext.swift */,
				8D54F3712BA63E3900E491A4 /* UITextField+Ext.swift */,
			);
			path = Extensions;
			sourceTree = "<group>";
		};
		8DAEB76B2BA5CCFE00E945D2 /* Screens */ = {
			isa = PBXGroup;
			children = (
				8D0263052BAA1B19009D60EE /* Settings */,
				8D54F3732BA72ECC00E491A4 /* ForgetPassword */,
				8DAEB78A2BA5D0A600E945D2 /* Base */,
				8DAEB7852BA5D09F00E945D2 /* Register */,
				8DAEB7802BA5D09B00E945D2 /* Login */,
				8DAEB77D2BA5D09500E945D2 /* Home */,
				8DAEB76C2BA5CD3300E945D2 /* Onboarding */,
			);
			path = Screens;
			sourceTree = "<group>";
		};
		8DAEB76C2BA5CD3300E945D2 /* Onboarding */ = {
			isa = PBXGroup;
			children = (
				8DAEB77A2BA5D07E00E945D2 /* Cell */,
				8DAEB7712BA5D01300E945D2 /* OnboardingViewController.swift */,
				8DAEB7732BA5D04400E945D2 /* OnboardingViewController.xib */,
			);
			path = Onboarding;
			sourceTree = "<group>";
		};
		8DAEB7762BA5D06700E945D2 /* Models */ = {
			isa = PBXGroup;
			children = (
				8DAEB7752BA5D06700E945D2 /* OnboardingSlide.swift */,
			);
			path = Models;
			sourceTree = "<group>";
		};
		8DAEB77A2BA5D07E00E945D2 /* Cell */ = {
			isa = PBXGroup;
			children = (
				8DAEB7782BA5D07E00E945D2 /* OnboardingCollectionViewCell.swift */,
				8DAEB7792BA5D07E00E945D2 /* OnboardingCollectionViewCell.xib */,
			);
			path = Cell;
			sourceTree = "<group>";
		};
		8DAEB77D2BA5D09500E945D2 /* Home */ = {
			isa = PBXGroup;
			children = (
				8D54F36B2BA5DF8D00E491A4 /* HomeViewController.swift */,
				8D54F36C2BA5DF8D00E491A4 /* HomeViewController.xib */,
				8D54F36F2BA5E15600E491A4 /* HomeViewModel.swift */,
			);
			path = Home;
			sourceTree = "<group>";
		};
		8DAEB7802BA5D09B00E945D2 /* Login */ = {
			isa = PBXGroup;
			children = (
				8DAEB77E2BA5D09B00E945D2 /* LoginViewController.swift */,
				8DAEB77F2BA5D09B00E945D2 /* LoginViewController.xib */,
			);
			path = Login;
			sourceTree = "<group>";
		};
		8DAEB7852BA5D09F00E945D2 /* Register */ = {
			isa = PBXGroup;
			children = (
				8DAEB7832BA5D09F00E945D2 /* RegisterViewController.swift */,
				8DAEB7842BA5D09F00E945D2 /* RegisterViewController.xib */,
			);
			path = Register;
			sourceTree = "<group>";
		};
		8DAEB78A2BA5D0A600E945D2 /* Base */ = {
			isa = PBXGroup;
			children = (
				8DAEB7882BA5D0A600E945D2 /* BaseViewController.swift */,
				8DAEB7892BA5D0A600E945D2 /* BaseViewModel.swift */,
			);
			path = Base;
			sourceTree = "<group>";
		};
		8DAEB7982BA5D62100E945D2 /* Frameworks */ = {
			isa = PBXGroup;
			children = (
			);
			name = Frameworks;
			sourceTree = "<group>";
		};
/* End PBXGroup section */

/* Begin PBXNativeTarget section */
		8DAEB7502BA5CAED00E945D2 /* SwapHouse */ = {
			isa = PBXNativeTarget;
			buildConfigurationList = 8DAEB7652BA5CAEF00E945D2 /* Build configuration list for PBXNativeTarget "SwapHouse" */;
			buildPhases = (
				8DAEB74D2BA5CAED00E945D2 /* Sources */,
				8DAEB74E2BA5CAED00E945D2 /* Frameworks */,
				8DAEB74F2BA5CAED00E945D2 /* Resources */,
			);
			buildRules = (
			);
			dependencies = (
			);
			name = SwapHouse;
			packageProductDependencies = (
				8DAEB7992BA5D62100E945D2 /* FirebaseAuth */,
			);
			productName = SwapHouse;
			productReference = 8DAEB7512BA5CAED00E945D2 /* SwapHouse.app */;
			productType = "com.apple.product-type.application";
		};
/* End PBXNativeTarget section */

/* Begin PBXProject section */
		8DAEB7492BA5CAED00E945D2 /* Project object */ = {
			isa = PBXProject;
			attributes = {
				BuildIndependentTargetsInParallel = 1;
				LastSwiftUpdateCheck = 1530;
				LastUpgradeCheck = 1530;
				TargetAttributes = {
					8DAEB7502BA5CAED00E945D2 = {
						CreatedOnToolsVersion = 15.3;
					};
				};
			};
			buildConfigurationList = 8DAEB74C2BA5CAED00E945D2 /* Build configuration list for PBXProject "SwapHouse" */;
			compatibilityVersion = "Xcode 14.0";
			developmentRegion = en;
			hasScannedForEncodings = 0;
			knownRegions = (
				en,
				Base,
			);
			mainGroup = 8DAEB7482BA5CAED00E945D2;
			packageReferences = (
				8DAEB7972BA5D47000E945D2 /* XCRemoteSwiftPackageReference "firebase-ios-sdk" */,
			);
			productRefGroup = 8DAEB7522BA5CAED00E945D2 /* Products */;
			projectDirPath = "";
			projectRoot = "";
			targets = (
				8DAEB7502BA5CAED00E945D2 /* SwapHouse */,
			);
		};
/* End PBXProject section */

/* Begin PBXResourcesBuildPhase section */
		8DAEB74F2BA5CAED00E945D2 /* Resources */ = {
			isa = PBXResourcesBuildPhase;
			buildActionMask = 2147483647;
			files = (
				8DAEB7822BA5D09B00E945D2 /* LoginViewController.xib in Resources */,
				8D54F3772BA72EF300E491A4 /* ForgetPasswordViewController.xib in Resources */,
				8DAEB75E2BA5CAEF00E945D2 /* Assets.xcassets in Resources */,
				8DAEB7612BA5CAEF00E945D2 /* Base in Resources */,
				8DAEB77C2BA5D07E00E945D2 /* OnboardingCollectionViewCell.xib in Resources */,
				8DAEB7742BA5D04400E945D2 /* OnboardingViewController.xib in Resources */,
				8DAEB7872BA5D09F00E945D2 /* RegisterViewController.xib in Resources */,
				8DAEB7962BA5D43E00E945D2 /* GoogleService-Info.plist in Resources */,
				8D54F36E2BA5DF8E00E491A4 /* HomeViewController.xib in Resources */,
				8D0263092BAA1B36009D60EE /* SettingsViewController.xib in Resources */,
			);
			runOnlyForDeploymentPostprocessing = 0;
		};
/* End PBXResourcesBuildPhase section */

/* Begin PBXSourcesBuildPhase section */
		8DAEB74D2BA5CAED00E945D2 /* Sources */ = {
			isa = PBXSourcesBuildPhase;
			buildActionMask = 2147483647;
			files = (
				8DAEB7812BA5D09B00E945D2 /* LoginViewController.swift in Sources */,
				8DAEB78E2BA5D0B400E945D2 /* UICollectionViewCell+Ext.swift in Sources */,
				8DAEB7942BA5D0C700E945D2 /* UIViewController+Ext.swift in Sources */,
				8D54F3702BA5E15600E491A4 /* HomeViewModel.swift in Sources */,
				8D54F3762BA72EF300E491A4 /* ForgetPasswordViewController.swift in Sources */,
				8D0263082BAA1B36009D60EE /* SettingsViewController.swift in Sources */,
				8DAEB78C2BA5D0A600E945D2 /* BaseViewModel.swift in Sources */,
				8DAEB7772BA5D06700E945D2 /* OnboardingSlide.swift in Sources */,
				8D54F36D2BA5DF8E00E491A4 /* HomeViewController.swift in Sources */,
				8DAEB76A2BA5CBC900E945D2 /* UIView+Ext.swift in Sources */,
				8DAEB7862BA5D09F00E945D2 /* RegisterViewController.swift in Sources */,
				8DAEB7922BA5D0C100E945D2 /* UIColor+Ext.swift in Sources */,
				8DAEB7722BA5D01300E945D2 /* OnboardingViewController.swift in Sources */,
				8DAEB7902BA5D0BB00E945D2 /* UIScreen+Ext.swift in Sources */,
				8DAEB78B2BA5D0A600E945D2 /* BaseViewController.swift in Sources */,
				8D54F3722BA63E3900E491A4 /* UITextField+Ext.swift in Sources */,
				8DAEB7552BA5CAED00E945D2 /* AppDelegate.swift in Sources */,
				8DAEB7572BA5CAED00E945D2 /* SceneDelegate.swift in Sources */,
				8DAEB77B2BA5D07E00E945D2 /* OnboardingCollectionViewCell.swift in Sources */,
			);
			runOnlyForDeploymentPostprocessing = 0;
		};
/* End PBXSourcesBuildPhase section */

/* Begin PBXVariantGroup section */
		8DAEB75F2BA5CAEF00E945D2 /* LaunchScreen.storyboard */ = {
			isa = PBXVariantGroup;
			children = (
				8DAEB7602BA5CAEF00E945D2 /* Base */,
			);
			name = LaunchScreen.storyboard;
			sourceTree = "<group>";
		};
/* End PBXVariantGroup section */

/* Begin XCBuildConfiguration section */
		8DAEB7632BA5CAEF00E945D2 /* Debug */ = {
			isa = XCBuildConfiguration;
			buildSettings = {
				ALWAYS_SEARCH_USER_PATHS = NO;
				ASSETCATALOG_COMPILER_GENERATE_SWIFT_ASSET_SYMBOL_EXTENSIONS = YES;
				CLANG_ANALYZER_NONNULL = YES;
				CLANG_ANALYZER_NUMBER_OBJECT_CONVERSION = YES_AGGRESSIVE;
				CLANG_CXX_LANGUAGE_STANDARD = "gnu++20";
				CLANG_ENABLE_MODULES = YES;
				CLANG_ENABLE_OBJC_ARC = YES;
				CLANG_ENABLE_OBJC_WEAK = YES;
				CLANG_WARN_BLOCK_CAPTURE_AUTORELEASING = YES;
				CLANG_WARN_BOOL_CONVERSION = YES;
				CLANG_WARN_COMMA = YES;
				CLANG_WARN_CONSTANT_CONVERSION = YES;
				CLANG_WARN_DEPRECATED_OBJC_IMPLEMENTATIONS = YES;
				CLANG_WARN_DIRECT_OBJC_ISA_USAGE = YES_ERROR;
				CLANG_WARN_DOCUMENTATION_COMMENTS = YES;
				CLANG_WARN_EMPTY_BODY = YES;
				CLANG_WARN_ENUM_CONVERSION = YES;
				CLANG_WARN_INFINITE_RECURSION = YES;
				CLANG_WARN_INT_CONVERSION = YES;
				CLANG_WARN_NON_LITERAL_NULL_CONVERSION = YES;
				CLANG_WARN_OBJC_IMPLICIT_RETAIN_SELF = YES;
				CLANG_WARN_OBJC_LITERAL_CONVERSION = YES;
				CLANG_WARN_OBJC_ROOT_CLASS = YES_ERROR;
				CLANG_WARN_QUOTED_INCLUDE_IN_FRAMEWORK_HEADER = YES;
				CLANG_WARN_RANGE_LOOP_ANALYSIS = YES;
				CLANG_WARN_STRICT_PROTOTYPES = YES;
				CLANG_WARN_SUSPICIOUS_MOVE = YES;
				CLANG_WARN_UNGUARDED_AVAILABILITY = YES_AGGRESSIVE;
				CLANG_WARN_UNREACHABLE_CODE = YES;
				CLANG_WARN__DUPLICATE_METHOD_MATCH = YES;
				COPY_PHASE_STRIP = NO;
				DEBUG_INFORMATION_FORMAT = dwarf;
				ENABLE_STRICT_OBJC_MSGSEND = YES;
				ENABLE_TESTABILITY = YES;
				ENABLE_USER_SCRIPT_SANDBOXING = YES;
				GCC_C_LANGUAGE_STANDARD = gnu17;
				GCC_DYNAMIC_NO_PIC = NO;
				GCC_NO_COMMON_BLOCKS = YES;
				GCC_OPTIMIZATION_LEVEL = 0;
				GCC_PREPROCESSOR_DEFINITIONS = (
					"DEBUG=1",
					"$(inherited)",
				);
				GCC_WARN_64_TO_32_BIT_CONVERSION = YES;
				GCC_WARN_ABOUT_RETURN_TYPE = YES_ERROR;
				GCC_WARN_UNDECLARED_SELECTOR = YES;
				GCC_WARN_UNINITIALIZED_AUTOS = YES_AGGRESSIVE;
				GCC_WARN_UNUSED_FUNCTION = YES;
				GCC_WARN_UNUSED_VARIABLE = YES;
				IPHONEOS_DEPLOYMENT_TARGET = 17.4;
				LOCALIZATION_PREFERS_STRING_CATALOGS = YES;
				MTL_ENABLE_DEBUG_INFO = INCLUDE_SOURCE;
				MTL_FAST_MATH = YES;
				ONLY_ACTIVE_ARCH = YES;
				SDKROOT = iphoneos;
				SWIFT_ACTIVE_COMPILATION_CONDITIONS = "DEBUG $(inherited)";
				SWIFT_OPTIMIZATION_LEVEL = "-Onone";
			};
			name = Debug;
		};
		8DAEB7642BA5CAEF00E945D2 /* Release */ = {
			isa = XCBuildConfiguration;
			buildSettings = {
				ALWAYS_SEARCH_USER_PATHS = NO;
				ASSETCATALOG_COMPILER_GENERATE_SWIFT_ASSET_SYMBOL_EXTENSIONS = YES;
				CLANG_ANALYZER_NONNULL = YES;
				CLANG_ANALYZER_NUMBER_OBJECT_CONVERSION = YES_AGGRESSIVE;
				CLANG_CXX_LANGUAGE_STANDARD = "gnu++20";
				CLANG_ENABLE_MODULES = YES;
				CLANG_ENABLE_OBJC_ARC = YES;
				CLANG_ENABLE_OBJC_WEAK = YES;
				CLANG_WARN_BLOCK_CAPTURE_AUTORELEASING = YES;
				CLANG_WARN_BOOL_CONVERSION = YES;
				CLANG_WARN_COMMA = YES;
				CLANG_WARN_CONSTANT_CONVERSION = YES;
				CLANG_WARN_DEPRECATED_OBJC_IMPLEMENTATIONS = YES;
				CLANG_WARN_DIRECT_OBJC_ISA_USAGE = YES_ERROR;
				CLANG_WARN_DOCUMENTATION_COMMENTS = YES;
				CLANG_WARN_EMPTY_BODY = YES;
				CLANG_WARN_ENUM_CONVERSION = YES;
				CLANG_WARN_INFINITE_RECURSION = YES;
				CLANG_WARN_INT_CONVERSION = YES;
				CLANG_WARN_NON_LITERAL_NULL_CONVERSION = YES;
				CLANG_WARN_OBJC_IMPLICIT_RETAIN_SELF = YES;
				CLANG_WARN_OBJC_LITERAL_CONVERSION = YES;
				CLANG_WARN_OBJC_ROOT_CLASS = YES_ERROR;
				CLANG_WARN_QUOTED_INCLUDE_IN_FRAMEWORK_HEADER = YES;
				CLANG_WARN_RANGE_LOOP_ANALYSIS = YES;
				CLANG_WARN_STRICT_PROTOTYPES = YES;
				CLANG_WARN_SUSPICIOUS_MOVE = YES;
				CLANG_WARN_UNGUARDED_AVAILABILITY = YES_AGGRESSIVE;
				CLANG_WARN_UNREACHABLE_CODE = YES;
				CLANG_WARN__DUPLICATE_METHOD_MATCH = YES;
				COPY_PHASE_STRIP = NO;
				DEBUG_INFORMATION_FORMAT = "dwarf-with-dsym";
				ENABLE_NS_ASSERTIONS = NO;
				ENABLE_STRICT_OBJC_MSGSEND = YES;
				ENABLE_USER_SCRIPT_SANDBOXING = YES;
				GCC_C_LANGUAGE_STANDARD = gnu17;
				GCC_NO_COMMON_BLOCKS = YES;
				GCC_WARN_64_TO_32_BIT_CONVERSION = YES;
				GCC_WARN_ABOUT_RETURN_TYPE = YES_ERROR;
				GCC_WARN_UNDECLARED_SELECTOR = YES;
				GCC_WARN_UNINITIALIZED_AUTOS = YES_AGGRESSIVE;
				GCC_WARN_UNUSED_FUNCTION = YES;
				GCC_WARN_UNUSED_VARIABLE = YES;
				IPHONEOS_DEPLOYMENT_TARGET = 17.4;
				LOCALIZATION_PREFERS_STRING_CATALOGS = YES;
				MTL_ENABLE_DEBUG_INFO = NO;
				MTL_FAST_MATH = YES;
				SDKROOT = iphoneos;
				SWIFT_COMPILATION_MODE = wholemodule;
				VALIDATE_PRODUCT = YES;
			};
			name = Release;
		};
		8DAEB7662BA5CAEF00E945D2 /* Debug */ = {
			isa = XCBuildConfiguration;
			buildSettings = {
				ASSETCATALOG_COMPILER_APPICON_NAME = AppIcon;
				ASSETCATALOG_COMPILER_GLOBAL_ACCENT_COLOR_NAME = AccentColor;
				CODE_SIGN_STYLE = Automatic;
				CURRENT_PROJECT_VERSION = 1;
				DEVELOPMENT_TEAM = 2U638ZS235;
				EXCLUDED_ARCHS = "";
				GENERATE_INFOPLIST_FILE = YES;
				INFOPLIST_FILE = SwapHouse/Info.plist;
				INFOPLIST_KEY_UIApplicationSupportsIndirectInputEvents = YES;
				INFOPLIST_KEY_UILaunchStoryboardName = LaunchScreen;
				INFOPLIST_KEY_UIMainStoryboardFile = "";
				INFOPLIST_KEY_UISupportedInterfaceOrientations_iPad = "UIInterfaceOrientationPortrait UIInterfaceOrientationPortraitUpsideDown UIInterfaceOrientationLandscapeLeft UIInterfaceOrientationLandscapeRight";
				INFOPLIST_KEY_UISupportedInterfaceOrientations_iPhone = "UIInterfaceOrientationPortrait UIInterfaceOrientationLandscapeLeft UIInterfaceOrientationLandscapeRight";
				LD_RUNPATH_SEARCH_PATHS = (
					"$(inherited)",
					"@executable_path/Frameworks",
				);
				MARKETING_VERSION = 1.0;
				PRODUCT_BUNDLE_IDENTIFIER = com.cansuozdizlekli.SwapHouse;
				PRODUCT_NAME = "$(TARGET_NAME)";
				SWIFT_EMIT_LOC_STRINGS = YES;
				SWIFT_VERSION = 5.0;
				TARGETED_DEVICE_FAMILY = "1,2";
			};
			name = Debug;
		};
		8DAEB7672BA5CAEF00E945D2 /* Release */ = {
			isa = XCBuildConfiguration;
			buildSettings = {
				ASSETCATALOG_COMPILER_APPICON_NAME = AppIcon;
				ASSETCATALOG_COMPILER_GLOBAL_ACCENT_COLOR_NAME = AccentColor;
				CODE_SIGN_STYLE = Automatic;
				CURRENT_PROJECT_VERSION = 1;
				DEVELOPMENT_TEAM = 2U638ZS235;
				EXCLUDED_ARCHS = "";
				GENERATE_INFOPLIST_FILE = YES;
				INFOPLIST_FILE = SwapHouse/Info.plist;
				INFOPLIST_KEY_UIApplicationSupportsIndirectInputEvents = YES;
				INFOPLIST_KEY_UILaunchStoryboardName = LaunchScreen;
				INFOPLIST_KEY_UIMainStoryboardFile = "";
				INFOPLIST_KEY_UISupportedInterfaceOrientations_iPad = "UIInterfaceOrientationPortrait UIInterfaceOrientationPortraitUpsideDown UIInterfaceOrientationLandscapeLeft UIInterfaceOrientationLandscapeRight";
				INFOPLIST_KEY_UISupportedInterfaceOrientations_iPhone = "UIInterfaceOrientationPortrait UIInterfaceOrientationLandscapeLeft UIInterfaceOrientationLandscapeRight";
				LD_RUNPATH_SEARCH_PATHS = (
					"$(inherited)",
					"@executable_path/Frameworks",
				);
				MARKETING_VERSION = 1.0;
				PRODUCT_BUNDLE_IDENTIFIER = com.cansuozdizlekli.SwapHouse;
				PRODUCT_NAME = "$(TARGET_NAME)";
				SWIFT_EMIT_LOC_STRINGS = YES;
				SWIFT_VERSION = 5.0;
				TARGETED_DEVICE_FAMILY = "1,2";
			};
			name = Release;
		};
/* End XCBuildConfiguration section */

/* Begin XCConfigurationList section */
		8DAEB74C2BA5CAED00E945D2 /* Build configuration list for PBXProject "SwapHouse" */ = {
			isa = XCConfigurationList;
			buildConfigurations = (
				8DAEB7632BA5CAEF00E945D2 /* Debug */,
				8DAEB7642BA5CAEF00E945D2 /* Release */,
			);
			defaultConfigurationIsVisible = 0;
			defaultConfigurationName = Release;
		};
		8DAEB7652BA5CAEF00E945D2 /* Build configuration list for PBXNativeTarget "SwapHouse" */ = {
			isa = XCConfigurationList;
			buildConfigurations = (
				8DAEB7662BA5CAEF00E945D2 /* Debug */,
				8DAEB7672BA5CAEF00E945D2 /* Release */,
			);
			defaultConfigurationIsVisible = 0;
			defaultConfigurationName = Release;
		};
/* End XCConfigurationList section */

/* Begin XCRemoteSwiftPackageReference section */
		8DAEB7972BA5D47000E945D2 /* XCRemoteSwiftPackageReference "firebase-ios-sdk" */ = {
			isa = XCRemoteSwiftPackageReference;
			repositoryURL = "https://github.com/firebase/firebase-ios-sdk.git";
			requirement = {
				kind = upToNextMajorVersion;
				minimumVersion = 10.22.1;
			};
		};
/* End XCRemoteSwiftPackageReference section */

/* Begin XCSwiftPackageProductDependency section */
		8DAEB7992BA5D62100E945D2 /* FirebaseAuth */ = {
			isa = XCSwiftPackageProductDependency;
			package = 8DAEB7972BA5D47000E945D2 /* XCRemoteSwiftPackageReference "firebase-ios-sdk" */;
			productName = FirebaseAuth;
		};
/* End XCSwiftPackageProductDependency section */
	};
	rootObject = 8DAEB7492BA5CAED00E945D2 /* Project object */;
}
